
Microsoft Visual Studio Solution File, Format Version 12.00
# Visual Studio Version 16
VisualStudioVersion = 16.6.30114.105
MinimumVisualStudioVersion = 10.0.40219.1
Project("{2150E333-8FDC-42A3-9474-1A3956D46DE8}") = "src", "src", "{CE430C2F-EA3C-474B-8A22-CDF4416BC5FC}"
EndProject
Project("{9A19103F-16F7-4668-BE54-9A1E7A4F7556}") = "Msh.EasyRabbitMQ.ServiceBus", "src\Msh.EasyRabbitMQ.ServiceBus\Msh.EasyRabbitMQ.ServiceBus.csproj", "{495511B9-F233-4C16-80BA-D267C2FB0BA4}"
EndProject
Project("{9A19103F-16F7-4668-BE54-9A1E7A4F7556}") = "SendApp", "src\SendApp\SendApp.csproj", "{60FF48DD-80BF-4496-8F07-AF0079A90EBE}"
EndProject
Project("{9A19103F-16F7-4668-BE54-9A1E7A4F7556}") = "ReceiveApp", "src\ReceiveApp\ReceiveApp.csproj", "{62EF221B-73E1-490A-8141-429A93CB4C31}"
EndProject
Project("{9A19103F-16F7-4668-BE54-9A1E7A4F7556}") = "SharedLib", "src\SharedLib\SharedLib.csproj", "{A60080B8-329C-456D-A642-E3B1BFD28928}"
EndProject
Project("{FAE04EC0-301F-11D3-BF4B-00C04F79EFBC}") = "Msh.EasyRabbitMQ.Extensions", "src\Msh.EasyRabbitMQ.Extensions\Msh.EasyRabbitMQ.Extensions.csproj", "{53D26DAD-3000-40AC-883E-D36655DE1FA3}"
EndProject
Global
	GlobalSection(SolutionConfigurationPlatforms) = preSolution
		Debug|Any CPU = Debug|Any CPU
		Debug|x64 = Debug|x64
		Debug|x86 = Debug|x86
		Release|Any CPU = Release|Any CPU
		Release|x64 = Release|x64
		Release|x86 = Release|x86
	EndGlobalSection
	GlobalSection(ProjectConfigurationPlatforms) = postSolution
		{495511B9-F233-4C16-80BA-D267C2FB0BA4}.Debug|Any CPU.ActiveCfg = Debug|Any CPU
		{495511B9-F233-4C16-80BA-D267C2FB0BA4}.Debug|Any CPU.Build.0 = Debug|Any CPU
		{495511B9-F233-4C16-80BA-D267C2FB0BA4}.Debug|x64.ActiveCfg = Debug|Any CPU
		{495511B9-F233-4C16-80BA-D267C2FB0BA4}.Debug|x64.Build.0 = Debug|Any CPU
		{495511B9-F233-4C16-80BA-D267C2FB0BA4}.Debug|x86.ActiveCfg = Debug|Any CPU
		{495511B9-F233-4C16-80BA-D267C2FB0BA4}.Debug|x86.Build.0 = Debug|Any CPU
		{495511B9-F233-4C16-80BA-D267C2FB0BA4}.Release|Any CPU.ActiveCfg = Release|Any CPU
		{495511B9-F233-4C16-80BA-D267C2FB0BA4}.Release|Any CPU.Build.0 = Release|Any CPU
		{495511B9-F233-4C16-80BA-D267C2FB0BA4}.Release|x64.ActiveCfg = Release|Any CPU
		{495511B9-F233-4C16-80BA-D267C2FB0BA4}.Release|x64.Build.0 = Release|Any CPU
		{495511B9-F233-4C16-80BA-D267C2FB0BA4}.Release|x86.ActiveCfg = Release|Any CPU
		{495511B9-F233-4C16-80BA-D267C2FB0BA4}.Release|x86.Build.0 = Release|Any CPU
		{60FF48DD-80BF-4496-8F07-AF0079A90EBE}.Debug|Any CPU.ActiveCfg = Debug|Any CPU
		{60FF48DD-80BF-4496-8F07-AF0079A90EBE}.Debug|Any CPU.Build.0 = Debug|Any CPU
		{60FF48DD-80BF-4496-8F07-AF0079A90EBE}.Debug|x64.ActiveCfg = Debug|Any CPU
		{60FF48DD-80BF-4496-8F07-AF0079A90EBE}.Debug|x64.Build.0 = Debug|Any CPU
		{60FF48DD-80BF-4496-8F07-AF0079A90EBE}.Debug|x86.ActiveCfg = Debug|Any CPU
		{60FF48DD-80BF-4496-8F07-AF0079A90EBE}.Debug|x86.Build.0 = Debug|Any CPU
		{60FF48DD-80BF-4496-8F07-AF0079A90EBE}.Release|Any CPU.ActiveCfg = Release|Any CPU
		{60FF48DD-80BF-4496-8F07-AF0079A90EBE}.Release|Any CPU.Build.0 = Release|Any CPU
		{60FF48DD-80BF-4496-8F07-AF0079A90EBE}.Release|x64.ActiveCfg = Release|Any CPU
		{60FF48DD-80BF-4496-8F07-AF0079A90EBE}.Release|x64.Build.0 = Release|Any CPU
		{60FF48DD-80BF-4496-8F07-AF0079A90EBE}.Release|x86.ActiveCfg = Release|Any CPU
		{60FF48DD-80BF-4496-8F07-AF0079A90EBE}.Release|x86.Build.0 = Release|Any CPU
		{62EF221B-73E1-490A-8141-429A93CB4C31}.Debug|Any CPU.ActiveCfg = Debug|Any CPU
		{62EF221B-73E1-490A-8141-429A93CB4C31}.Debug|Any CPU.Build.0 = Debug|Any CPU
		{62EF221B-73E1-490A-8141-429A93CB4C31}.Debug|x64.ActiveCfg = Debug|Any CPU
		{62EF221B-73E1-490A-8141-429A93CB4C31}.Debug|x64.Build.0 = Debug|Any CPU
		{62EF221B-73E1-490A-8141-429A93CB4C31}.Debug|x86.ActiveCfg = Debug|Any CPU
		{62EF221B-73E1-490A-8141-429A93CB4C31}.Debug|x86.Build.0 = Debug|Any CPU
		{62EF221B-73E1-490A-8141-429A93CB4C31}.Release|Any CPU.ActiveCfg = Release|Any CPU
		{62EF221B-73E1-490A-8141-429A93CB4C31}.Release|Any CPU.Build.0 = Release|Any CPU
		{62EF221B-73E1-490A-8141-429A93CB4C31}.Release|x64.ActiveCfg = Release|Any CPU
		{62EF221B-73E1-490A-8141-429A93CB4C31}.Release|x64.Build.0 = Release|Any CPU
		{62EF221B-73E1-490A-8141-429A93CB4C31}.Release|x86.ActiveCfg = Release|Any CPU
		{62EF221B-73E1-490A-8141-429A93CB4C31}.Release|x86.Build.0 = Release|Any CPU
		{A60080B8-329C-456D-A642-E3B1BFD28928}.Debug|Any CPU.ActiveCfg = Debug|Any CPU
		{A60080B8-329C-456D-A642-E3B1BFD28928}.Debug|Any CPU.Build.0 = Debug|Any CPU
		{A60080B8-329C-456D-A642-E3B1BFD28928}.Debug|x64.ActiveCfg = Debug|Any CPU
		{A60080B8-329C-456D-A642-E3B1BFD28928}.Debug|x64.Build.0 = Debug|Any CPU
		{A60080B8-329C-456D-A642-E3B1BFD28928}.Debug|x86.ActiveCfg = Debug|Any CPU
		{A60080B8-329C-456D-A642-E3B1BFD28928}.Debug|x86.Build.0 = Debug|Any CPU
		{A60080B8-329C-456D-A642-E3B1BFD28928}.Release|Any CPU.ActiveCfg = Release|Any CPU
		{A60080B8-329C-456D-A642-E3B1BFD28928}.Release|Any CPU.Build.0 = Release|Any CPU
		{A60080B8-329C-456D-A642-E3B1BFD28928}.Release|x64.ActiveCfg = Release|Any CPU
		{A60080B8-329C-456D-A642-E3B1BFD28928}.Release|x64.Build.0 = Release|Any CPU
		{A60080B8-329C-456D-A642-E3B1BFD28928}.Release|x86.ActiveCfg = Release|Any CPU
		{A60080B8-329C-456D-A642-E3B1BFD28928}.Release|x86.Build.0 = Release|Any CPU
		{53D26DAD-3000-40AC-883E-D36655DE1FA3}.Debug|Any CPU.ActiveCfg = Debug|Any CPU
		{53D26DAD-3000-40AC-883E-D36655DE1FA3}.Debug|Any CPU.Build.0 = Debug|Any CPU
		{53D26DAD-3000-40AC-883E-D36655DE1FA3}.Debug|x64.ActiveCfg = Debug|Any CPU
		{53D26DAD-3000-40AC-883E-D36655DE1FA3}.Debug|x64.Build.0 = Debug|Any CPU
		{53D26DAD-3000-40AC-883E-D36655DE1FA3}.Debug|x86.ActiveCfg = Debug|Any CPU
		{53D26DAD-3000-40AC-883E-D36655DE1FA3}.Debug|x86.Build.0 = Debug|Any CPU
		{53D26DAD-3000-40AC-883E-D36655DE1FA3}.Release|Any CPU.ActiveCfg = Release|Any CPU
		{53D26DAD-3000-40AC-883E-D36655DE1FA3}.Release|Any CPU.Build.0 = Release|Any CPU
		{53D26DAD-3000-40AC-883E-D36655DE1FA3}.Release|x64.ActiveCfg = Release|Any CPU
		{53D26DAD-3000-40AC-883E-D36655DE1FA3}.Release|x64.Build.0 = Release|Any CPU
		{53D26DAD-3000-40AC-883E-D36655DE1FA3}.Release|x86.ActiveCfg = Release|Any CPU
		{53D26DAD-3000-40AC-883E-D36655DE1FA3}.Release|x86.Build.0 = Release|Any CPU
	EndGlobalSection
	GlobalSection(SolutionProperties) = preSolution
		HideSolutionNode = FALSE
	EndGlobalSection
	GlobalSection(NestedProjects) = preSolution
		{495511B9-F233-4C16-80BA-D267C2FB0BA4} = {CE430C2F-EA3C-474B-8A22-CDF4416BC5FC}
		{60FF48DD-80BF-4496-8F07-AF0079A90EBE} = {CE430C2F-EA3C-474B-8A22-CDF4416BC5FC}
		{62EF221B-73E1-490A-8141-429A93CB4C31} = {CE430C2F-EA3C-474B-8A22-CDF4416BC5FC}
		{A60080B8-329C-456D-A642-E3B1BFD28928} = {CE430C2F-EA3C-474B-8A22-CDF4416BC5FC}
		{53D26DAD-3000-40AC-883E-D36655DE1FA3} = {CE430C2F-EA3C-474B-8A22-CDF4416BC5FC}
	EndGlobalSection
	GlobalSection(ExtensibilityGlobals) = postSolution
		SolutionGuid = {02409BA3-9AC3-4EE7-A033-9B21E66B5818}
	EndGlobalSection
EndGlobal
